
Microsoft Visual Studio Solution File, Format Version 12.00
# Visual Studio 15
VisualStudioVersion = 15.0.28307.1705
MinimumVisualStudioVersion = 10.0.40219.1
Project("{FAE04EC0-301F-11D3-BF4B-00C04F79EFBC}") = "HireFest", "HireFest\HireFest.csproj", "{47FD68F9-9B13-48DB-89BC-7FD0B2D0697B}"
EndProject
Project("{FAE04EC0-301F-11D3-BF4B-00C04F79EFBC}") = "HireFestDAL", "HireFestDAL\HireFestDAL.csproj", "{A1AE10D8-6964-459C-845D-2F7F995AB2A8}"
EndProject
Project("{FAE04EC0-301F-11D3-BF4B-00C04F79EFBC}") = "HireFest.DAL.Models", "HireFest.DAL.Models\HireFest.DAL.Models.csproj", "{9D66FE95-EB0D-43E6-9EC4-F1F91A90BA67}"
EndProject
Global
	GlobalSection(SolutionConfigurationPlatforms) = preSolution
		Debug|Any CPU = Debug|Any CPU
		Release|Any CPU = Release|Any CPU
	EndGlobalSection
	GlobalSection(ProjectConfigurationPlatforms) = postSolution
		{47FD68F9-9B13-48DB-89BC-7FD0B2D0697B}.Debug|Any CPU.ActiveCfg = Debug|Any CPU
		{47FD68F9-9B13-48DB-89BC-7FD0B2D0697B}.Debug|Any CPU.Build.0 = Debug|Any CPU
		{47FD68F9-9B13-48DB-89BC-7FD0B2D0697B}.Release|Any CPU.ActiveCfg = Release|Any CPU
		{47FD68F9-9B13-48DB-89BC-7FD0B2D0697B}.Release|Any CPU.Build.0 = Release|Any CPU
		{A1AE10D8-6964-459C-845D-2F7F995AB2A8}.Debug|Any CPU.ActiveCfg = Debug|Any CPU
		{A1AE10D8-6964-459C-845D-2F7F995AB2A8}.Debug|Any CPU.Build.0 = Debug|Any CPU
		{A1AE10D8-6964-459C-845D-2F7F995AB2A8}.Release|Any CPU.ActiveCfg = Release|Any CPU
		{A1AE10D8-6964-459C-845D-2F7F995AB2A8}.Release|Any CPU.Build.0 = Release|Any CPU
		{9D66FE95-EB0D-43E6-9EC4-F1F91A90BA67}.Debug|Any CPU.ActiveCfg = Debug|Any CPU
		{9D66FE95-EB0D-43E6-9EC4-F1F91A90BA67}.Debug|Any CPU.Build.0 = Debug|Any CPU
		{9D66FE95-EB0D-43E6-9EC4-F1F91A90BA67}.Release|Any CPU.ActiveCfg = Release|Any CPU
		{9D66FE95-EB0D-43E6-9EC4-F1F91A90BA67}.Release|Any CPU.Build.0 = Release|Any CPU
	EndGlobalSection
	GlobalSection(SolutionProperties) = preSolution
		HideSolutionNode = FALSE
	EndGlobalSection
	GlobalSection(ExtensibilityGlobals) = postSolution
		SolutionGuid = {81FEF359-EBAA-4EFA-B032-8F3C187389E4}
	EndGlobalSection
EndGlobal
